<Solution>
  <Folder Name="/src/01-Core/">
    <Project Path="src\01-Core\Nexus.Platform.Contracts\Nexus.Platform.Contracts.csproj" />
    <Project Path="src\01-Core\Nexus.Platform.Core\Nexus.Platform.Core.csproj" />
    <Project Path="src\01-Core\Nexus.Platform.Providers.OpenAI\Nexus.Platform.Providers.OpenAI.csproj" />
    <Project Path="src\01-Core\Nexus.Platform.Providers.Anthropic\Nexus.Platform.Providers.Anthropic.csproj" />
    <Project Path="src\01-Core\Nexus.Platform.Tools\Nexus.Platform.Tools.csproj" />
    <Project Path="src\01-Core\Nexus.Platform.Identity\Nexus.Platform.Identity.csproj" />
    <Project Path="src\01-Core\Nexus.Platform.Persistence\Nexus.Platform.Persistence.csproj" />
  </Folder>
  <Folder Name="/src/03-Governance/">
    <Project Path="src\03-Governance\Nexus.Governance.Contracts\Nexus.Governance.Contracts.csproj" />
    <Project Path="src\03-Governance\Nexus.Governance.Core\Nexus.Governance.Core.csproj" />
  </Folder>
  <Folder Name="/src/06-SharedPlatform/">
    <Project Path="src\06-SharedPlatform\Nexus.ProductCore.Contracts\Nexus.ProductCore.Contracts.csproj" />
    <Project Path="src\06-SharedPlatform\Nexus.ProductCore.Scope\Nexus.ProductCore.Scope.csproj" />
  </Folder>
  <Folder Name="/src/07-Delivery/">
    <Project Path="src\07-Delivery\Nexus.Delivery.Contracts\Nexus.Delivery.Contracts.csproj" />
  </Folder>
  <Folder Name="/src/08-Assurance/">
    <Project Path="src\08-Assurance\Nexus.Assurance.Contracts\Nexus.Assurance.Contracts.csproj" />
  </Folder>
  <Folder Name="/tests/01-Core/">
    <Project Path="tests\01-Core\Nexus.Platform.Tests\Nexus.Platform.Tests.csproj" />
  </Folder>
  <Folder Name="/tests/03-Governance/">
    <Project Path="tests\03-Governance\Nexus.Governance.Tests\Nexus.Governance.Tests.csproj" />
  </Folder>
  <Folder Name="/tests/06-SharedPlatform/">
    <Project Path="tests\06-SharedPlatform\Nexus.ProductCore.Scope.Tests\Nexus.ProductCore.Scope.Tests.csproj" />
  </Folder>
  <Folder Name="/tests/08-Assurance/">
    <Project Path="tests\08-Assurance\Nexus.Assurance.Tests\Nexus.Assurance.Tests.csproj" />
  </Folder>
  <Folder Name="/tests/">
    <!-- Cross-cutting; deliberately not nested under one layer - see PHYSICAL_LAYER_MAP.md -->
    <Project Path="tests\Nexus.Platform.Architecture.Tests\Nexus.Platform.Architecture.Tests.csproj" />
  </Folder>
</Solution>
